// !$*UTF8*$!
{
	archiveVersion = 1;
	classes = {
	};
	objectVersion = 55;
	objects = {

/* Begin PBXBuildFile section */
		010E6356271B5A2E00F181DD /* Server.swift in Sources */ = {isa = PBXBuildFile; fileRef = 010E6355271B5A2E00F181DD /* Server.swift */; };
		010E6357271B5A2E00F181DD /* Server.swift in Sources */ = {isa = PBXBuildFile; fileRef = 010E6355271B5A2E00F181DD /* Server.swift */; };
		010E6358271B5A2E00F181DD /* Server.swift in Sources */ = {isa = PBXBuildFile; fileRef = 010E6355271B5A2E00F181DD /* Server.swift */; };
		017566D226EBD3EA007C800F /* AppDelegate.swift in Sources */ = {isa = PBXBuildFile; fileRef = 017566D126EBD3EA007C800F /* AppDelegate.swift */; };
		017566D426EBD3EA007C800F /* Shaders.metal in Sources */ = {isa = PBXBuildFile; fileRef = 017566D326EBD3EA007C800F /* Shaders.metal */; };
		017566D726EBD3EA007C800F /* Renderer.swift in Sources */ = {isa = PBXBuildFile; fileRef = 017566D626EBD3EA007C800F /* Renderer.swift */; };
		017566D926EBD3EA007C800F /* ViewController.swift in Sources */ = {isa = PBXBuildFile; fileRef = 017566D826EBD3EA007C800F /* ViewController.swift */; };
		017566DC26EBD3EA007C800F /* Main.storyboard in Resources */ = {isa = PBXBuildFile; fileRef = 017566DA26EBD3EA007C800F /* Main.storyboard */; };
		017566DE26EBD3EC007C800F /* Assets.xcassets in Resources */ = {isa = PBXBuildFile; fileRef = 017566DD26EBD3EC007C800F /* Assets.xcassets */; };
		017566E126EBD3EC007C800F /* LaunchScreen.storyboard in Resources */ = {isa = PBXBuildFile; fileRef = 017566DF26EBD3EC007C800F /* LaunchScreen.storyboard */; };
		017566EC26EBD3EC007C800F /* point_cloudsTests.swift in Sources */ = {isa = PBXBuildFile; fileRef = 017566EB26EBD3EC007C800F /* point_cloudsTests.swift */; };
		017566F626EBD3EC007C800F /* point_cloudsUITests.swift in Sources */ = {isa = PBXBuildFile; fileRef = 017566F526EBD3EC007C800F /* point_cloudsUITests.swift */; };
		017566F826EBD3EC007C800F /* point_cloudsUITestsLaunchTests.swift in Sources */ = {isa = PBXBuildFile; fileRef = 017566F726EBD3EC007C800F /* point_cloudsUITestsLaunchTests.swift */; };
		9F81CB4790F4C004FA91F7DD /* Pods_point_clouds.framework in Frameworks */ = {isa = PBXBuildFile; fileRef = AD935AD477D3EF5D0C0EE958 /* Pods_point_clouds.framework */; };
/* End PBXBuildFile section */

/* Begin PBXContainerItemProxy section */
		017566E826EBD3EC007C800F /* PBXContainerItemProxy */ = {
			isa = PBXContainerItemProxy;
			containerPortal = 017566C626EBD3EA007C800F /* Project object */;
			proxyType = 1;
			remoteGlobalIDString = 017566CD26EBD3EA007C800F;
			remoteInfo = "point clouds";
		};
		017566F226EBD3EC007C800F /* PBXContainerItemProxy */ = {
			isa = PBXContainerItemProxy;
			containerPortal = 017566C626EBD3EA007C800F /* Project object */;
			proxyType = 1;
			remoteGlobalIDString = 017566CD26EBD3EA007C800F;
			remoteInfo = "point clouds";
		};
/* End PBXContainerItemProxy section */

/* Begin PBXFileReference section */
		010E6355271B5A2E00F181DD /* Server.swift */ = {isa = PBXFileReference; fileEncoding = 4; lastKnownFileType = sourcecode.swift; path = Server.swift; sourceTree = "<group>"; };
		017566CE26EBD3EA007C800F /* point clouds.app */ = {isa = PBXFileReference; explicitFileType = wrapper.application; includeInIndex = 0; path = "point clouds.app"; sourceTree = BUILT_PRODUCTS_DIR; };
		017566D126EBD3EA007C800F /* AppDelegate.swift */ = {isa = PBXFileReference; lastKnownFileType = sourcecode.swift; path = AppDelegate.swift; sourceTree = "<group>"; };
		017566D326EBD3EA007C800F /* Shaders.metal */ = {isa = PBXFileReference; lastKnownFileType = sourcecode.metal; path = Shaders.metal; sourceTree = "<group>"; };
		017566D526EBD3EA007C800F /* ShaderTypes.h */ = {isa = PBXFileReference; lastKnownFileType = sourcecode.c.h; path = ShaderTypes.h; sourceTree = "<group>"; };
		017566D626EBD3EA007C800F /* Renderer.swift */ = {isa = PBXFileReference; lastKnownFileType = sourcecode.swift; path = Renderer.swift; sourceTree = "<group>"; };
		017566D826EBD3EA007C800F /* ViewController.swift */ = {isa = PBXFileReference; lastKnownFileType = sourcecode.swift; path = ViewController.swift; sourceTree = "<group>"; };
		017566DB26EBD3EA007C800F /* Base */ = {isa = PBXFileReference; lastKnownFileType = file.storyboard; name = Base; path = Base.lproj/Main.storyboard; sourceTree = "<group>"; };
		017566DD26EBD3EC007C800F /* Assets.xcassets */ = {isa = PBXFileReference; lastKnownFileType = folder.assetcatalog; path = Assets.xcassets; sourceTree = "<group>"; };
		017566E026EBD3EC007C800F /* Base */ = {isa = PBXFileReference; lastKnownFileType = file.storyboard; name = Base; path = Base.lproj/LaunchScreen.storyboard; sourceTree = "<group>"; };
		017566E226EBD3EC007C800F /* point_clouds-Bridging-Header.h */ = {isa = PBXFileReference; lastKnownFileType = sourcecode.c.h; path = "point_clouds-Bridging-Header.h"; sourceTree = "<group>"; };
		017566E726EBD3EC007C800F /* point cloudsTests.xctest */ = {isa = PBXFileReference; explicitFileType = wrapper.cfbundle; includeInIndex = 0; path = "point cloudsTests.xctest"; sourceTree = BUILT_PRODUCTS_DIR; };
		017566EB26EBD3EC007C800F /* point_cloudsTests.swift */ = {isa = PBXFileReference; lastKnownFileType = sourcecode.swift; path = point_cloudsTests.swift; sourceTree = "<group>"; };
		017566F126EBD3EC007C800F /* point cloudsUITests.xctest */ = {isa = PBXFileReference; explicitFileType = wrapper.cfbundle; includeInIndex = 0; path = "point cloudsUITests.xctest"; sourceTree = BUILT_PRODUCTS_DIR; };
		017566F526EBD3EC007C800F /* point_cloudsUITests.swift */ = {isa = PBXFileReference; lastKnownFileType = sourcecode.swift; path = point_cloudsUITests.swift; sourceTree = "<group>"; };
		017566F726EBD3EC007C800F /* point_cloudsUITestsLaunchTests.swift */ = {isa = PBXFileReference; lastKnownFileType = sourcecode.swift; path = point_cloudsUITestsLaunchTests.swift; sourceTree = "<group>"; };
		0175670426EBD497007C800F /* point-clouds-Info.plist */ = {isa = PBXFileReference; lastKnownFileType = text.plist; path = "point-clouds-Info.plist"; sourceTree = SOURCE_ROOT; };
		0A50C95F620E4B697C9F53DB /* Pods-point clouds.debug.xcconfig */ = {isa = PBXFileReference; includeInIndex = 1; lastKnownFileType = text.xcconfig; name = "Pods-point clouds.debug.xcconfig"; path = "Target Support Files/Pods-point clouds/Pods-point clouds.debug.xcconfig"; sourceTree = "<group>"; };
		5C90C062ED988CC5CC769B50 /* Pods-point clouds.release.xcconfig */ = {isa = PBXFileReference; includeInIndex = 1; lastKnownFileType = text.xcconfig; name = "Pods-point clouds.release.xcconfig"; path = "Target Support Files/Pods-point clouds/Pods-point clouds.release.xcconfig"; sourceTree = "<group>"; };
		AD935AD477D3EF5D0C0EE958 /* Pods_point_clouds.framework */ = {isa = PBXFileReference; explicitFileType = wrapper.framework; includeInIndex = 0; path = Pods_point_clouds.framework; sourceTree = BUILT_PRODUCTS_DIR; };
/* End PBXFileReference section */

/* Begin PBXFrameworksBuildPhase section */
		017566CB26EBD3EA007C800F /* Frameworks */ = {
			isa = PBXFrameworksBuildPhase;
			buildActionMask = 2147483647;
			files = (
				9F81CB4790F4C004FA91F7DD /* Pods_point_clouds.framework in Frameworks */,
			);
			runOnlyForDeploymentPostprocessing = 0;
		};
		017566E426EBD3EC007C800F /* Frameworks */ = {
			isa = PBXFrameworksBuildPhase;
			buildActionMask = 2147483647;
			files = (
			);
			runOnlyForDeploymentPostprocessing = 0;
		};
		017566EE26EBD3EC007C800F /* Frameworks */ = {
			isa = PBXFrameworksBuildPhase;
			buildActionMask = 2147483647;
			files = (
			);
			runOnlyForDeploymentPostprocessing = 0;
		};
/* End PBXFrameworksBuildPhase section */

/* Begin PBXGroup section */
		017566C526EBD3EA007C800F = {
			isa = PBXGroup;
			children = (
				017566D026EBD3EA007C800F /* point clouds */,
				017566EA26EBD3EC007C800F /* point cloudsTests */,
				017566F426EBD3EC007C800F /* point cloudsUITests */,
				017566CF26EBD3EA007C800F /* Products */,
				742B18FF8229FB8766E495F4 /* Pods */,
				EA8C5FDE011895D99D914608 /* Frameworks */,
			);
			sourceTree = "<group>";
		};
		017566CF26EBD3EA007C800F /* Products */ = {
			isa = PBXGroup;
			children = (
				017566CE26EBD3EA007C800F /* point clouds.app */,
				017566E726EBD3EC007C800F /* point cloudsTests.xctest */,
				017566F126EBD3EC007C800F /* point cloudsUITests.xctest */,
			);
			name = Products;
			sourceTree = "<group>";
		};
		017566D026EBD3EA007C800F /* point clouds */ = {
			isa = PBXGroup;
			children = (
				0175670426EBD497007C800F /* point-clouds-Info.plist */,
				017566D126EBD3EA007C800F /* AppDelegate.swift */,
				017566D326EBD3EA007C800F /* Shaders.metal */,
				017566D526EBD3EA007C800F /* ShaderTypes.h */,
				017566D626EBD3EA007C800F /* Renderer.swift */,
				010E6355271B5A2E00F181DD /* Server.swift */,
				017566D826EBD3EA007C800F /* ViewController.swift */,
				017566DA26EBD3EA007C800F /* Main.storyboard */,
				017566DD26EBD3EC007C800F /* Assets.xcassets */,
				017566DF26EBD3EC007C800F /* LaunchScreen.storyboard */,
				017566E226EBD3EC007C800F /* point_clouds-Bridging-Header.h */,
			);
			path = "point clouds";
			sourceTree = "<group>";
		};
		017566EA26EBD3EC007C800F /* point cloudsTests */ = {
			isa = PBXGroup;
			children = (
				017566EB26EBD3EC007C800F /* point_cloudsTests.swift */,
			);
			path = "point cloudsTests";
			sourceTree = "<group>";
		};
		017566F426EBD3EC007C800F /* point cloudsUITests */ = {
			isa = PBXGroup;
			children = (
				017566F526EBD3EC007C800F /* point_cloudsUITests.swift */,
				017566F726EBD3EC007C800F /* point_cloudsUITestsLaunchTests.swift */,
			);
			path = "point cloudsUITests";
			sourceTree = "<group>";
		};
		742B18FF8229FB8766E495F4 /* Pods */ = {
			isa = PBXGroup;
			children = (
				0A50C95F620E4B697C9F53DB /* Pods-point clouds.debug.xcconfig */,
				5C90C062ED988CC5CC769B50 /* Pods-point clouds.release.xcconfig */,
			);
			path = Pods;
			sourceTree = "<group>";
		};
		EA8C5FDE011895D99D914608 /* Frameworks */ = {
			isa = PBXGroup;
			children = (
				AD935AD477D3EF5D0C0EE958 /* Pods_point_clouds.framework */,
			);
			name = Frameworks;
			sourceTree = "<group>";
		};
/* End PBXGroup section */

/* Begin PBXNativeTarget section */
		017566CD26EBD3EA007C800F /* point clouds */ = {
			isa = PBXNativeTarget;
			buildConfigurationList = 017566FB26EBD3EC007C800F /* Build configuration list for PBXNativeTarget "point clouds" */;
			buildPhases = (
				15A3A3413E40F7DE0951BFF7 /* [CP] Check Pods Manifest.lock */,
				017566CA26EBD3EA007C800F /* Sources */,
				017566CB26EBD3EA007C800F /* Frameworks */,
				017566CC26EBD3EA007C800F /* Resources */,
				7F560C4FE8331AA5DD7B2DF1 /* [CP] Embed Pods Frameworks */,
			);
			buildRules = (
			);
			dependencies = (
			);
			name = "point clouds";
			productName = "point clouds";
			productReference = 017566CE26EBD3EA007C800F /* point clouds.app */;
			productType = "com.apple.product-type.application";
		};
		017566E626EBD3EC007C800F /* point cloudsTests */ = {
			isa = PBXNativeTarget;
			buildConfigurationList = 017566FE26EBD3EC007C800F /* Build configuration list for PBXNativeTarget "point cloudsTests" */;
			buildPhases = (
				017566E326EBD3EC007C800F /* Sources */,
				017566E426EBD3EC007C800F /* Frameworks */,
				017566E526EBD3EC007C800F /* Resources */,
			);
			buildRules = (
			);
			dependencies = (
				017566E926EBD3EC007C800F /* PBXTargetDependency */,
			);
			name = "point cloudsTests";
			productName = "point cloudsTests";
			productReference = 017566E726EBD3EC007C800F /* point cloudsTests.xctest */;
			productType = "com.apple.product-type.bundle.unit-test";
		};
		017566F026EBD3EC007C800F /* point cloudsUITests */ = {
			isa = PBXNativeTarget;
			buildConfigurationList = 0175670126EBD3EC007C800F /* Build configuration list for PBXNativeTarget "point cloudsUITests" */;
			buildPhases = (
				017566ED26EBD3EC007C800F /* Sources */,
				017566EE26EBD3EC007C800F /* Frameworks */,
				017566EF26EBD3EC007C800F /* Resources */,
			);
			buildRules = (
			);
			dependencies = (
				017566F326EBD3EC007C800F /* PBXTargetDependency */,
			);
			name = "point cloudsUITests";
			productName = "point cloudsUITests";
			productReference = 017566F126EBD3EC007C800F /* point cloudsUITests.xctest */;
			productType = "com.apple.product-type.bundle.ui-testing";
		};
/* End PBXNativeTarget section */

/* Begin PBXProject section */
		017566C626EBD3EA007C800F /* Project object */ = {
			isa = PBXProject;
			attributes = {
				BuildIndependentTargetsInParallel = 1;
				LastSwiftUpdateCheck = 1300;
				LastUpgradeCheck = 1300;
				TargetAttributes = {
					017566CD26EBD3EA007C800F = {
						CreatedOnToolsVersion = 13.0;
					};
					017566E626EBD3EC007C800F = {
						CreatedOnToolsVersion = 13.0;
						TestTargetID = 017566CD26EBD3EA007C800F;
					};
					017566F026EBD3EC007C800F = {
						CreatedOnToolsVersion = 13.0;
						TestTargetID = 017566CD26EBD3EA007C800F;
					};
				};
			};
			buildConfigurationList = 017566C926EBD3EA007C800F /* Build configuration list for PBXProject "point clouds" */;
			compatibilityVersion = "Xcode 13.0";
			developmentRegion = en;
			hasScannedForEncodings = 0;
			knownRegions = (
				en,
				Base,
			);
			mainGroup = 017566C526EBD3EA007C800F;
			productRefGroup = 017566CF26EBD3EA007C800F /* Products */;
			projectDirPath = "";
			projectRoot = "";
			targets = (
				017566CD26EBD3EA007C800F /* point clouds */,
				017566E626EBD3EC007C800F /* point cloudsTests */,
				017566F026EBD3EC007C800F /* point cloudsUITests */,
			);
		};
/* End PBXProject section */

/* Begin PBXResourcesBuildPhase section */
		017566CC26EBD3EA007C800F /* Resources */ = {
			isa = PBXResourcesBuildPhase;
			buildActionMask = 2147483647;
			files = (
				017566E126EBD3EC007C800F /* LaunchScreen.storyboard in Resources */,
				017566DE26EBD3EC007C800F /* Assets.xcassets in Resources */,
				017566DC26EBD3EA007C800F /* Main.storyboard in Resources */,
			);
			runOnlyForDeploymentPostprocessing = 0;
		};
		017566E526EBD3EC007C800F /* Resources */ = {
			isa = PBXResourcesBuildPhase;
			buildActionMask = 2147483647;
			files = (
			);
			runOnlyForDeploymentPostprocessing = 0;
		};
		017566EF26EBD3EC007C800F /* Resources */ = {
			isa = PBXResourcesBuildPhase;
			buildActionMask = 2147483647;
			files = (
			);
			runOnlyForDeploymentPostprocessing = 0;
		};
/* End PBXResourcesBuildPhase section */

/* Begin PBXShellScriptBuildPhase section */
		15A3A3413E40F7DE0951BFF7 /* [CP] Check Pods Manifest.lock */ = {
			isa = PBXShellScriptBuildPhase;
			buildActionMask = 2147483647;
			files = (
			);
			inputFileListPaths = (
			);
			inputPaths = (
				"${PODS_PODFILE_DIR_PATH}/Podfile.lock",
				"${PODS_ROOT}/Manifest.lock",
			);
			name = "[CP] Check Pods Manifest.lock";
			outputFileListPaths = (
			);
			outputPaths = (
				"$(DERIVED_FILE_DIR)/Pods-point clouds-checkManifestLockResult.txt",
			);
			runOnlyForDeploymentPostprocessing = 0;
			shellPath = /bin/sh;
			shellScript = "diff \"${PODS_PODFILE_DIR_PATH}/Podfile.lock\" \"${PODS_ROOT}/Manifest.lock\" > /dev/null\nif [ $? != 0 ] ; then\n    # print error to STDERR\n    echo \"error: The sandbox is not in sync with the Podfile.lock. Run 'pod install' or update your CocoaPods installation.\" >&2\n    exit 1\nfi\n# This output is used by Xcode 'outputs' to avoid re-running this script phase.\necho \"SUCCESS\" > \"${SCRIPT_OUTPUT_FILE_0}\"\n";
			showEnvVarsInLog = 0;
		};
		7F560C4FE8331AA5DD7B2DF1 /* [CP] Embed Pods Frameworks */ = {
			isa = PBXShellScriptBuildPhase;
			buildActionMask = 2147483647;
			files = (
			);
			inputFileListPaths = (
				"${PODS_ROOT}/Target Support Files/Pods-point clouds/Pods-point clouds-frameworks-${CONFIGURATION}-input-files.xcfilelist",
			);
			name = "[CP] Embed Pods Frameworks";
			outputFileListPaths = (
				"${PODS_ROOT}/Target Support Files/Pods-point clouds/Pods-point clouds-frameworks-${CONFIGURATION}-output-files.xcfilelist",
			);
			runOnlyForDeploymentPostprocessing = 0;
			shellPath = /bin/sh;
			shellScript = "\"${PODS_ROOT}/Target Support Files/Pods-point clouds/Pods-point clouds-frameworks.sh\"\n";
			showEnvVarsInLog = 0;
		};
/* End PBXShellScriptBuildPhase section */

/* Begin PBXSourcesBuildPhase section */
		017566CA26EBD3EA007C800F /* Sources */ = {
			isa = PBXSourcesBuildPhase;
			buildActionMask = 2147483647;
			files = (
				017566D426EBD3EA007C800F /* Shaders.metal in Sources */,
				017566D726EBD3EA007C800F /* Renderer.swift in Sources */,
				017566D926EBD3EA007C800F /* ViewController.swift in Sources */,
				010E6356271B5A2E00F181DD /* Server.swift in Sources */,
				017566D226EBD3EA007C800F /* AppDelegate.swift in Sources */,
			);
			runOnlyForDeploymentPostprocessing = 0;
		};
		017566E326EBD3EC007C800F /* Sources */ = {
			isa = PBXSourcesBuildPhase;
			buildActionMask = 2147483647;
			files = (
				010E6357271B5A2E00F181DD /* Server.swift in Sources */,
				017566EC26EBD3EC007C800F /* point_cloudsTests.swift in Sources */,
			);
			runOnlyForDeploymentPostprocessing = 0;
		};
		017566ED26EBD3EC007C800F /* Sources */ = {
			isa = PBXSourcesBuildPhase;
			buildActionMask = 2147483647;
			files = (
				017566F626EBD3EC007C800F /* point_cloudsUITests.swift in Sources */,
				010E6358271B5A2E00F181DD /* Server.swift in Sources */,
				017566F826EBD3EC007C800F /* point_cloudsUITestsLaunchTests.swift in Sources */,
			);
			runOnlyForDeploymentPostprocessing = 0;
		};
/* End PBXSourcesBuildPhase section */

/* Begin PBXTargetDependency section */
		017566E926EBD3EC007C800F /* PBXTargetDependency */ = {
			isa = PBXTargetDependency;
			target = 017566CD26EBD3EA007C800F /* point clouds */;
			targetProxy = 017566E826EBD3EC007C800F /* PBXContainerItemProxy */;
		};
		017566F326EBD3EC007C800F /* PBXTargetDependency */ = {
			isa = PBXTargetDependency;
			target = 017566CD26EBD3EA007C800F /* point clouds */;
			targetProxy = 017566F226EBD3EC007C800F /* PBXContainerItemProxy */;
		};
/* End PBXTargetDependency section */

/* Begin PBXVariantGroup section */
		017566DA26EBD3EA007C800F /* Main.storyboard */ = {
			isa = PBXVariantGroup;
			children = (
				017566DB26EBD3EA007C800F /* Base */,
			);
			name = Main.storyboard;
			sourceTree = "<group>";
		};
		017566DF26EBD3EC007C800F /* LaunchScreen.storyboard */ = {
			isa = PBXVariantGroup;
			children = (
				017566E026EBD3EC007C800F /* Base */,
			);
			name = LaunchScreen.storyboard;
			sourceTree = "<group>";
		};
/* End PBXVariantGroup section */

/* Begin XCBuildConfiguration section */
		017566F926EBD3EC007C800F /* Debug */ = {
			isa = XCBuildConfiguration;
			buildSettings = {
				ALWAYS_SEARCH_USER_PATHS = NO;
				CLANG_ANALYZER_NONNULL = YES;
				CLANG_ANALYZER_NUMBER_OBJECT_CONVERSION = YES_AGGRESSIVE;
				CLANG_CXX_LANGUAGE_STANDARD = "gnu++17";
				CLANG_CXX_LIBRARY = "libc++";
				CLANG_ENABLE_MODULES = YES;
				CLANG_ENABLE_OBJC_ARC = YES;
				CLANG_ENABLE_OBJC_WEAK = YES;
				CLANG_WARN_BLOCK_CAPTURE_AUTORELEASING = YES;
				CLANG_WARN_BOOL_CONVERSION = YES;
				CLANG_WARN_COMMA = YES;
				CLANG_WARN_CONSTANT_CONVERSION = YES;
				CLANG_WARN_DEPRECATED_OBJC_IMPLEMENTATIONS = YES;
				CLANG_WARN_DIRECT_OBJC_ISA_USAGE = YES_ERROR;
				CLANG_WARN_DOCUMENTATION_COMMENTS = YES;
				CLANG_WARN_EMPTY_BODY = YES;
				CLANG_WARN_ENUM_CONVERSION = YES;
				CLANG_WARN_INFINITE_RECURSION = YES;
				CLANG_WARN_INT_CONVERSION = YES;
				CLANG_WARN_NON_LITERAL_NULL_CONVERSION = YES;
				CLANG_WARN_OBJC_IMPLICIT_RETAIN_SELF = YES;
				CLANG_WARN_OBJC_LITERAL_CONVERSION = YES;
				CLANG_WARN_OBJC_ROOT_CLASS = YES_ERROR;
				CLANG_WARN_QUOTED_INCLUDE_IN_FRAMEWORK_HEADER = YES;
				CLANG_WARN_RANGE_LOOP_ANALYSIS = YES;
				CLANG_WARN_STRICT_PROTOTYPES = YES;
				CLANG_WARN_SUSPICIOUS_MOVE = YES;
				CLANG_WARN_UNGUARDED_AVAILABILITY = YES_AGGRESSIVE;
				CLANG_WARN_UNREACHABLE_CODE = YES;
				CLANG_WARN__DUPLICATE_METHOD_MATCH = YES;
				COPY_PHASE_STRIP = NO;
				DEBUG_INFORMATION_FORMAT = dwarf;
				ENABLE_STRICT_OBJC_MSGSEND = YES;
				ENABLE_TESTABILITY = YES;
				GCC_C_LANGUAGE_STANDARD = gnu11;
				GCC_DYNAMIC_NO_PIC = NO;
				GCC_NO_COMMON_BLOCKS = YES;
				GCC_OPTIMIZATION_LEVEL = 0;
				GCC_PREPROCESSOR_DEFINITIONS = (
					"DEBUG=1",
					"$(inherited)",
				);
				GCC_WARN_64_TO_32_BIT_CONVERSION = YES;
				GCC_WARN_ABOUT_RETURN_TYPE = YES_ERROR;
				GCC_WARN_UNDECLARED_SELECTOR = YES;
				GCC_WARN_UNINITIALIZED_AUTOS = YES_AGGRESSIVE;
				GCC_WARN_UNUSED_FUNCTION = YES;
				GCC_WARN_UNUSED_VARIABLE = YES;
				IPHONEOS_DEPLOYMENT_TARGET = 15.0;
				MTL_ENABLE_DEBUG_INFO = INCLUDE_SOURCE;
				MTL_FAST_MATH = YES;
				ONLY_ACTIVE_ARCH = YES;
				SDKROOT = iphoneos;
				SWIFT_ACTIVE_COMPILATION_CONDITIONS = DEBUG;
				SWIFT_OPTIMIZATION_LEVEL = "-Onone";
			};
			name = Debug;
		};
		017566FA26EBD3EC007C800F /* Release */ = {
			isa = XCBuildConfiguration;
			buildSettings = {
				ALWAYS_SEARCH_USER_PATHS = NO;
				CLANG_ANALYZER_NONNULL = YES;
				CLANG_ANALYZER_NUMBER_OBJECT_CONVERSION = YES_AGGRESSIVE;
				CLANG_CXX_LANGUAGE_STANDARD = "gnu++17";
				CLANG_CXX_LIBRARY = "libc++";
				CLANG_ENABLE_MODULES = YES;
				CLANG_ENABLE_OBJC_ARC = YES;
				CLANG_ENABLE_OBJC_WEAK = YES;
				CLANG_WARN_BLOCK_CAPTURE_AUTORELEASING = YES;
				CLANG_WARN_BOOL_CONVERSION = YES;
				CLANG_WARN_COMMA = YES;
				CLANG_WARN_CONSTANT_CONVERSION = YES;
				CLANG_WARN_DEPRECATED_OBJC_IMPLEMENTATIONS = YES;
				CLANG_WARN_DIRECT_OBJC_ISA_USAGE = YES_ERROR;
				CLANG_WARN_DOCUMENTATION_COMMENTS = YES;
				CLANG_WARN_EMPTY_BODY = YES;
				CLANG_WARN_ENUM_CONVERSION = YES;
				CLANG_WARN_INFINITE_RECURSION = YES;
				CLANG_WARN_INT_CONVERSION = YES;
				CLANG_WARN_NON_LITERAL_NULL_CONVERSION = YES;
				CLANG_WARN_OBJC_IMPLICIT_RETAIN_SELF = YES;
				CLANG_WARN_OBJC_LITERAL_CONVERSION = YES;
				CLANG_WARN_OBJC_ROOT_CLASS = YES_ERROR;
				CLANG_WARN_QUOTED_INCLUDE_IN_FRAMEWORK_HEADER = YES;
				CLANG_WARN_RANGE_LOOP_ANALYSIS = YES;
				CLANG_WARN_STRICT_PROTOTYPES = YES;
				CLANG_WARN_SUSPICIOUS_MOVE = YES;
				CLANG_WARN_UNGUARDED_AVAILABILITY = YES_AGGRESSIVE;
				CLANG_WARN_UNREACHABLE_CODE = YES;
				CLANG_WARN__DUPLICATE_METHOD_MATCH = YES;
				COPY_PHASE_STRIP = NO;
				DEBUG_INFORMATION_FORMAT = "dwarf-with-dsym";
				ENABLE_NS_ASSERTIONS = NO;
				ENABLE_STRICT_OBJC_MSGSEND = YES;
				GCC_C_LANGUAGE_STANDARD = gnu11;
				GCC_NO_COMMON_BLOCKS = YES;
				GCC_WARN_64_TO_32_BIT_CONVERSION = YES;
				GCC_WARN_ABOUT_RETURN_TYPE = YES_ERROR;
				GCC_WARN_UNDECLARED_SELECTOR = YES;
				GCC_WARN_UNINITIALIZED_AUTOS = YES_AGGRESSIVE;
				GCC_WARN_UNUSED_FUNCTION = YES;
				GCC_WARN_UNUSED_VARIABLE = YES;
				IPHONEOS_DEPLOYMENT_TARGET = 15.0;
				MTL_ENABLE_DEBUG_INFO = NO;
				MTL_FAST_MATH = YES;
				SDKROOT = iphoneos;
				SWIFT_COMPILATION_MODE = wholemodule;
				SWIFT_OPTIMIZATION_LEVEL = "-O";
				VALIDATE_PRODUCT = YES;
			};
			name = Release;
		};
		017566FC26EBD3EC007C800F /* Debug */ = {
			isa = XCBuildConfiguration;
			baseConfigurationReference = 0A50C95F620E4B697C9F53DB /* Pods-point clouds.debug.xcconfig */;
			buildSettings = {
				ASSETCATALOG_COMPILER_APPICON_NAME = AppIcon;
				ASSETCATALOG_COMPILER_GLOBAL_ACCENT_COLOR_NAME = AccentColor;
				CODE_SIGN_STYLE = Automatic;
				CURRENT_PROJECT_VERSION = 1;
				DEVELOPMENT_TEAM = 353W9N5AA3;
				GENERATE_INFOPLIST_FILE = YES;
				INFOPLIST_FILE = "point-clouds-Info.plist";
				INFOPLIST_KEY_CFBundleDisplayName = "";
				INFOPLIST_KEY_LSApplicationCategoryType = "";
				INFOPLIST_KEY_NSBluetoothAlwaysUsageDescription = str1;
				INFOPLIST_KEY_NSBluetoothPeripheralUsageDescription = str2;
				INFOPLIST_KEY_NSCameraUsageDescription = "";
				INFOPLIST_KEY_UIApplicationSupportsIndirectInputEvents = YES;
				INFOPLIST_KEY_UILaunchStoryboardName = LaunchScreen;
				INFOPLIST_KEY_UIMainStoryboardFile = Main;
				INFOPLIST_KEY_UIRequiredDeviceCapabilities = "arkit metal";
				INFOPLIST_KEY_UIRequiresFullScreen = YES;
				INFOPLIST_KEY_UIStatusBarHidden = YES;
				INFOPLIST_KEY_UISupportedInterfaceOrientations = UIInterfaceOrientationLandscapeRight;
				INFOPLIST_KEY_UISupportedInterfaceOrientations_iPad = UIInterfaceOrientationLandscapeRight;
				INFOPLIST_KEY_UISupportedInterfaceOrientations_iPhone = "UIInterfaceOrientationPortrait UIInterfaceOrientationLandscapeLeft UIInterfaceOrientationLandscapeRight";
				IPHONEOS_DEPLOYMENT_TARGET = 14.6;
				LD_RUNPATH_SEARCH_PATHS = (
					"$(inherited)",
					"@executable_path/Frameworks",
				);
				MARKETING_VERSION = 1.0;
				PRODUCT_BUNDLE_IDENTIFIER = "Viam-Robotics.point-clouds";
				PRODUCT_NAME = "$(TARGET_NAME)";
				SWIFT_EMIT_LOC_STRINGS = YES;
				SWIFT_OBJC_BRIDGING_HEADER = "point clouds/point_clouds-Bridging-Header.h";
				SWIFT_VERSION = 5.0;
				TARGETED_DEVICE_FAMILY = 1;
			};
			name = Debug;
		};
		017566FD26EBD3EC007C800F /* Release */ = {
			isa = XCBuildConfiguration;
			baseConfigurationReference = 5C90C062ED988CC5CC769B50 /* Pods-point clouds.release.xcconfig */;
			buildSettings = {
				ASSETCATALOG_COMPILER_APPICON_NAME = AppIcon;
				ASSETCATALOG_COMPILER_GLOBAL_ACCENT_COLOR_NAME = AccentColor;
				CODE_SIGN_STYLE = Automatic;
				CURRENT_PROJECT_VERSION = 1;
				DEVELOPMENT_TEAM = 353W9N5AA3;
				GENERATE_INFOPLIST_FILE = YES;
				INFOPLIST_FILE = "point-clouds-Info.plist";
				INFOPLIST_KEY_CFBundleDisplayName = "";
				INFOPLIST_KEY_LSApplicationCategoryType = "";
				INFOPLIST_KEY_NSBluetoothAlwaysUsageDescription = str1;
				INFOPLIST_KEY_NSBluetoothPeripheralUsageDescription = str2;
				INFOPLIST_KEY_NSCameraUsageDescription = "";
				INFOPLIST_KEY_UIApplicationSupportsIndirectInputEvents = YES;
				INFOPLIST_KEY_UILaunchStoryboardName = LaunchScreen;
				INFOPLIST_KEY_UIMainStoryboardFile = Main;
				INFOPLIST_KEY_UIRequiredDeviceCapabilities = "arkit metal";
				INFOPLIST_KEY_UIRequiresFullScreen = YES;
				INFOPLIST_KEY_UIStatusBarHidden = YES;
				INFOPLIST_KEY_UISupportedInterfaceOrientations = UIInterfaceOrientationLandscapeRight;
				INFOPLIST_KEY_UISupportedInterfaceOrientations_iPad = UIInterfaceOrientationLandscapeRight;
				INFOPLIST_KEY_UISupportedInterfaceOrientations_iPhone = "UIInterfaceOrientationPortrait UIInterfaceOrientationLandscapeLeft UIInterfaceOrientationLandscapeRight";
				IPHONEOS_DEPLOYMENT_TARGET = 14.6;
				LD_RUNPATH_SEARCH_PATHS = (
					"$(inherited)",
					"@executable_path/Frameworks",
				);
				MARKETING_VERSION = 1.0;
				PRODUCT_BUNDLE_IDENTIFIER = "Viam-Robotics.point-clouds";
				PRODUCT_NAME = "$(TARGET_NAME)";
				SWIFT_EMIT_LOC_STRINGS = YES;
				SWIFT_OBJC_BRIDGING_HEADER = "point clouds/point_clouds-Bridging-Header.h";
				SWIFT_VERSION = 5.0;
				TARGETED_DEVICE_FAMILY = 1;
			};
			name = Release;
		};
		017566FF26EBD3EC007C800F /* Debug */ = {
			isa = XCBuildConfiguration;
			buildSettings = {
				ALWAYS_EMBED_SWIFT_STANDARD_LIBRARIES = YES;
				BUNDLE_LOADER = "$(TEST_HOST)";
				CODE_SIGN_STYLE = Automatic;
				CURRENT_PROJECT_VERSION = 1;
				DEVELOPMENT_TEAM = GUP88HY86S;
				GENERATE_INFOPLIST_FILE = YES;
				IPHONEOS_DEPLOYMENT_TARGET = 15.0;
				LD_RUNPATH_SEARCH_PATHS = (
					"$(inherited)",
					"@executable_path/Frameworks",
					"@loader_path/Frameworks",
				);
				MARKETING_VERSION = 1.0;
				PRODUCT_BUNDLE_IDENTIFIER = "Viam-Robotics.point-cloudsTests";
				PRODUCT_NAME = "$(TARGET_NAME)";
				SWIFT_EMIT_LOC_STRINGS = NO;
				SWIFT_VERSION = 5.0;
				TARGETED_DEVICE_FAMILY = "1,2";
				TEST_HOST = "$(BUILT_PRODUCTS_DIR)/point clouds.app/point clouds";
			};
			name = Debug;
		};
		0175670026EBD3EC007C800F /* Release */ = {
			isa = XCBuildConfiguration;
			buildSettings = {
				ALWAYS_EMBED_SWIFT_STANDARD_LIBRARIES = YES;
				BUNDLE_LOADER = "$(TEST_HOST)";
				CODE_SIGN_STYLE = Automatic;
				CURRENT_PROJECT_VERSION = 1;
				DEVELOPMENT_TEAM = GUP88HY86S;
				GENERATE_INFOPLIST_FILE = YES;
				IPHONEOS_DEPLOYMENT_TARGET = 15.0;
				LD_RUNPATH_SEARCH_PATHS = (
					"$(inherited)",
					"@executable_path/Frameworks",
					"@loader_path/Frameworks",
				);
				MARKETING_VERSION = 1.0;
				PRODUCT_BUNDLE_IDENTIFIER = "Viam-Robotics.point-cloudsTests";
				PRODUCT_NAME = "$(TARGET_NAME)";
				SWIFT_EMIT_LOC_STRINGS = NO;
				SWIFT_VERSION = 5.0;
				TARGETED_DEVICE_FAMILY = "1,2";
				TEST_HOST = "$(BUILT_PRODUCTS_DIR)/point clouds.app/point clouds";
			};
			name = Release;
		};
		0175670226EBD3EC007C800F /* Debug */ = {
			isa = XCBuildConfiguration;
			buildSettings = {
				ALWAYS_EMBED_SWIFT_STANDARD_LIBRARIES = YES;
				CODE_SIGN_STYLE = Automatic;
				CURRENT_PROJECT_VERSION = 1;
				DEVELOPMENT_TEAM = GUP88HY86S;
				GENERATE_INFOPLIST_FILE = YES;
				LD_RUNPATH_SEARCH_PATHS = (
					"$(inherited)",
					"@executable_path/Frameworks",
					"@loader_path/Frameworks",
				);
				MARKETING_VERSION = 1.0;
				PRODUCT_BUNDLE_IDENTIFIER = "Viam-Robotics.point-cloudsUITests";
				PRODUCT_NAME = "$(TARGET_NAME)";
				SWIFT_EMIT_LOC_STRINGS = NO;
				SWIFT_VERSION = 5.0;
				TARGETED_DEVICE_FAMILY = "1,2";
				TEST_TARGET_NAME = "point clouds";
			};
			name = Debug;
		};
		0175670326EBD3EC007C800F /* Release */ = {
			isa = XCBuildConfiguration;
			buildSettings = {
				ALWAYS_EMBED_SWIFT_STANDARD_LIBRARIES = YES;
				CODE_SIGN_STYLE = Automatic;
				CURRENT_PROJECT_VERSION = 1;
				DEVELOPMENT_TEAM = GUP88HY86S;
				GENERATE_INFOPLIST_FILE = YES;
				LD_RUNPATH_SEARCH_PATHS = (
					"$(inherited)",
					"@executable_path/Frameworks",
					"@loader_path/Frameworks",
				);
				MARKETING_VERSION = 1.0;
				PRODUCT_BUNDLE_IDENTIFIER = "Viam-Robotics.point-cloudsUITests";
				PRODUCT_NAME = "$(TARGET_NAME)";
				SWIFT_EMIT_LOC_STRINGS = NO;
				SWIFT_VERSION = 5.0;
				TARGETED_DEVICE_FAMILY = "1,2";
				TEST_TARGET_NAME = "point clouds";
			};
			name = Release;
		};
/* End XCBuildConfiguration section */

/* Begin XCConfigurationList section */
		017566C926EBD3EA007C800F /* Build configuration list for PBXProject "point clouds" */ = {
			isa = XCConfigurationList;
			buildConfigurations = (
				017566F926EBD3EC007C800F /* Debug */,
				017566FA26EBD3EC007C800F /* Release */,
			);
			defaultConfigurationIsVisible = 0;
			defaultConfigurationName = Release;
		};
		017566FB26EBD3EC007C800F /* Build configuration list for PBXNativeTarget "point clouds" */ = {
			isa = XCConfigurationList;
			buildConfigurations = (
				017566FC26EBD3EC007C800F /* Debug */,
				017566FD26EBD3EC007C800F /* Release */,
			);
			defaultConfigurationIsVisible = 0;
			defaultConfigurationName = Release;
		};
		017566FE26EBD3EC007C800F /* Build configuration list for PBXNativeTarget "point cloudsTests" */ = {
			isa = XCConfigurationList;
			buildConfigurations = (
				017566FF26EBD3EC007C800F /* Debug */,
				0175670026EBD3EC007C800F /* Release */,
			);
			defaultConfigurationIsVisible = 0;
			defaultConfigurationName = Release;
		};
		0175670126EBD3EC007C800F /* Build configuration list for PBXNativeTarget "point cloudsUITests" */ = {
			isa = XCConfigurationList;
			buildConfigurations = (
				0175670226EBD3EC007C800F /* Debug */,
				0175670326EBD3EC007C800F /* Release */,
			);
			defaultConfigurationIsVisible = 0;
			defaultConfigurationName = Release;
		};
/* End XCConfigurationList section */
	};
	rootObject = 017566C626EBD3EA007C800F /* Project object */;
}
